
Microsoft Visual Studio Solution File, Format Version 12.00
# Visual Studio Version 17
VisualStudioVersion = 17.3.32929.385
MinimumVisualStudioVersion = 10.0.40219.1
Project("{FAE04EC0-301F-11D3-BF4B-00C04F79EFBC}") = "Gascan_Marius_Stefan_Lab1", "Gascan_Marius_Stefan_Lab1\Gascan_Marius_Stefan_Lab1.csproj", "{2E51550A-EF77-47E9-B6B3-7249FE15799D}"
EndProject
Global
	GlobalSection(SolutionConfigurationPlatforms) = preSolution
		Debug|Any CPU = Debug|Any CPU
		Release|Any CPU = Release|Any CPU
	EndGlobalSection
	GlobalSection(ProjectConfigurationPlatforms) = postSolution
		{2E51550A-EF77-47E9-B6B3-7249FE15799D}.Debug|Any CPU.ActiveCfg = Debug|Any CPU
		{2E51550A-EF77-47E9-B6B3-7249FE15799D}.Debug|Any CPU.Build.0 = Debug|Any CPU
		{2E51550A-EF77-47E9-B6B3-7249FE15799D}.Release|Any CPU.ActiveCfg = Release|Any CPU
		{2E51550A-EF77-47E9-B6B3-7249FE15799D}.Release|Any CPU.Build.0 = Release|Any CPU
	EndGlobalSection
	GlobalSection(SolutionProperties) = preSolution
		HideSolutionNode = FALSE
	EndGlobalSection
	GlobalSection(ExtensibilityGlobals) = postSolution
		SolutionGuid = {EE6697EA-5C67-434E-A855-F1219E56E9A3}
	EndGlobalSection
EndGlobal
